{
  "name": "Whale3070.github.io",
  "lockfileVersion": 2,
  "requires": true,
  "packages": {
    "": {
      "dependencies": {
        "hexo-blog-encrypt": "^3.1.6"
      }
    },
    "node_modules/hexo-blog-encrypt": {
      "version": "3.1.6",
      "resolved": "https://registry.npmjs.org/hexo-blog-encrypt/-/hexo-blog-encrypt-3.1.6.tgz",
      "integrity": "sha512-aq/KiuwoHLTMOOw0WiVtoTpPfx5x5mjkGJAJgKOp7gH0fjW4Pt1uT2n2MOVWBwY2q3qLtWq60na8RL5qmzZL1w=="
    }
  },
  "dependencies": {
    "hexo-blog-encrypt": {
      "version": "3.1.6",
      "resolved": "https://registry.npmjs.org/hexo-blog-encrypt/-/hexo-blog-encrypt-3.1.6.tgz",
      "integrity": "sha512-aq/KiuwoHLTMOOw0WiVtoTpPfx5x5mjkGJAJgKOp7gH0fjW4Pt1uT2n2MOVWBwY2q3qLtWq60na8RL5qmzZL1w=="
    }
  }
}
